// !$*UTF8*$!
{
	archiveVersion = 1;
	classes = {
	};
	objectVersion = 52;
	objects = {

/* Begin PBXBuildFile section */
		9BE48A762672909800AFA2D7 /* AppDelegate.swift in Sources */ = {isa = PBXBuildFile; fileRef = 9BE48A752672909800AFA2D7 /* AppDelegate.swift */; };
		9BE48A782672909800AFA2D7 /* SceneDelegate.swift in Sources */ = {isa = PBXBuildFile; fileRef = 9BE48A772672909800AFA2D7 /* SceneDelegate.swift */; };
		9BE48A7A2672909800AFA2D7 /* ViewController.swift in Sources */ = {isa = PBXBuildFile; fileRef = 9BE48A792672909800AFA2D7 /* ViewController.swift */; };
		9BE48A7D2672909800AFA2D7 /* Contacts.storyboard in Resources */ = {isa = PBXBuildFile; fileRef = 9BE48A7B2672909800AFA2D7 /* Contacts.storyboard */; };
		9BE48A7F2672909B00AFA2D7 /* Assets.xcassets in Resources */ = {isa = PBXBuildFile; fileRef = 9BE48A7E2672909B00AFA2D7 /* Assets.xcassets */; };
		9BE48A822672909B00AFA2D7 /* LaunchScreen.storyboard in Resources */ = {isa = PBXBuildFile; fileRef = 9BE48A802672909B00AFA2D7 /* LaunchScreen.storyboard */; };
		9BE48A8D2672909B00AFA2D7 /* MamoTaskTests.swift in Sources */ = {isa = PBXBuildFile; fileRef = 9BE48A8C2672909B00AFA2D7 /* MamoTaskTests.swift */; };
		9BE48A982672909B00AFA2D7 /* MamoTaskUITests.swift in Sources */ = {isa = PBXBuildFile; fileRef = 9BE48A972672909B00AFA2D7 /* MamoTaskUITests.swift */; };
		9BE48AAE2672B3E800AFA2D7 /* Moya in Frameworks */ = {isa = PBXBuildFile; productRef = 9BE48AAD2672B3E800AFA2D7 /* Moya */; };
		9BE48AB12672B42300AFA2D7 /* SwiftyContacts in Frameworks */ = {isa = PBXBuildFile; productRef = 9BE48AB02672B42300AFA2D7 /* SwiftyContacts */; };
		9BE48AC22672B68B00AFA2D7 /* StoryBoardConstants.swift in Sources */ = {isa = PBXBuildFile; fileRef = 9BE48AC12672B68B00AFA2D7 /* StoryBoardConstants.swift */; };
		9BE48AD52672B84600AFA2D7 /* NetworkLayer.swift in Sources */ = {isa = PBXBuildFile; fileRef = 9BE48AD42672B84600AFA2D7 /* NetworkLayer.swift */; };
		9BE48AD62672B84600AFA2D7 /* ApiClient.swift in Sources */ = {isa = PBXBuildFile; fileRef = 9BE48AD02672B84500AFA2D7 /* ApiClient.swift */; };
		9BE48AD72672B84600AFA2D7 /* BackendError.swift in Sources */ = {isa = PBXBuildFile; fileRef = 9BE48AD12672B84500AFA2D7 /* BackendError.swift */; };
		9BE48AD82672B84600AFA2D7 /* Endpoints.swift in Sources */ = {isa = PBXBuildFile; fileRef = 9BE48AD32672B84600AFA2D7 /* Endpoints.swift */; };
		9BE48AD92672B84600AFA2D7 /* NetworkConstants.swift in Sources */ = {isa = PBXBuildFile; fileRef = 9BE48AD22672B84600AFA2D7 /* NetworkConstants.swift */; };
		9BE48B022672B89300AFA2D7 /* Int+Extensions.swift in Sources */ = {isa = PBXBuildFile; fileRef = 9BE48ADC2672B89100AFA2D7 /* Int+Extensions.swift */; };
		9BE48B042672B89300AFA2D7 /* Identifiable.swift in Sources */ = {isa = PBXBuildFile; fileRef = 9BE48ADE2672B89100AFA2D7 /* Identifiable.swift */; };
		9BE48B052672B89300AFA2D7 /* UnderLine+Extensions.swift in Sources */ = {isa = PBXBuildFile; fileRef = 9BE48ADF2672B89100AFA2D7 /* UnderLine+Extensions.swift */; };
		9BE48B062672B89300AFA2D7 /* UIApplication+Extensions.swift in Sources */ = {isa = PBXBuildFile; fileRef = 9BE48AE02672B89100AFA2D7 /* UIApplication+Extensions.swift */; };
		9BE48B072672B89300AFA2D7 /* Bundle+Extensions.swift in Sources */ = {isa = PBXBuildFile; fileRef = 9BE48AE12672B89100AFA2D7 /* Bundle+Extensions.swift */; };
		9BE48B082672B89300AFA2D7 /* UITableView+Extensions.swift in Sources */ = {isa = PBXBuildFile; fileRef = 9BE48AE22672B89100AFA2D7 /* UITableView+Extensions.swift */; };
		9BE48B092672B89300AFA2D7 /* Bool+Extensions.swift in Sources */ = {isa = PBXBuildFile; fileRef = 9BE48AE32672B89100AFA2D7 /* Bool+Extensions.swift */; };
		9BE48B0A2672B89300AFA2D7 /* Timer+Extensions.swift in Sources */ = {isa = PBXBuildFile; fileRef = 9BE48AE42672B89100AFA2D7 /* Timer+Extensions.swift */; };
		9BE48B0B2672B89300AFA2D7 /* Double+Extensions.swift in Sources */ = {isa = PBXBuildFile; fileRef = 9BE48AE52672B89100AFA2D7 /* Double+Extensions.swift */; };
		9BE48B0C2672B89300AFA2D7 /* NSRange+Extensions.swift in Sources */ = {isa = PBXBuildFile; fileRef = 9BE48AE62672B89200AFA2D7 /* NSRange+Extensions.swift */; };
		9BE48B0D2672B89300AFA2D7 /* DateFormatter+Extensions.swift in Sources */ = {isa = PBXBuildFile; fileRef = 9BE48AE72672B89200AFA2D7 /* DateFormatter+Extensions.swift */; };
		9BE48B0E2672B89300AFA2D7 /* CGRect+Extensions.swift in Sources */ = {isa = PBXBuildFile; fileRef = 9BE48AE82672B89200AFA2D7 /* CGRect+Extensions.swift */; };
		9BE48B0F2672B89300AFA2D7 /* String+Extensions.swift in Sources */ = {isa = PBXBuildFile; fileRef = 9BE48AE92672B89200AFA2D7 /* String+Extensions.swift */; };
		9BE48B102672B89300AFA2D7 /* UIAlertController+Extensions.swift in Sources */ = {isa = PBXBuildFile; fileRef = 9BE48AEA2672B89200AFA2D7 /* UIAlertController+Extensions.swift */; };
		9BE48B112672B89300AFA2D7 /* CGFloat+Extensions.swift in Sources */ = {isa = PBXBuildFile; fileRef = 9BE48AEB2672B89200AFA2D7 /* CGFloat+Extensions.swift */; };
		9BE48B122672B89300AFA2D7 /* Bunble+Extensions.swift in Sources */ = {isa = PBXBuildFile; fileRef = 9BE48AEC2672B89200AFA2D7 /* Bunble+Extensions.swift */; };
		9BE48B132672B89300AFA2D7 /* UIView+Extensions.swift in Sources */ = {isa = PBXBuildFile; fileRef = 9BE48AED2672B89200AFA2D7 /* UIView+Extensions.swift */; };
		9BE48B142672B89300AFA2D7 /* UICollectionView+Extensions.swift in Sources */ = {isa = PBXBuildFile; fileRef = 9BE48AEE2672B89200AFA2D7 /* UICollectionView+Extensions.swift */; };
		9BE48B162672B89300AFA2D7 /* Array+Extensions.swift in Sources */ = {isa = PBXBuildFile; fileRef = 9BE48AF02672B89200AFA2D7 /* Array+Extensions.swift */; };
		9BE48B172672B89300AFA2D7 /* UIDevice+Extensions.swift in Sources */ = {isa = PBXBuildFile; fileRef = 9BE48AF12672B89200AFA2D7 /* UIDevice+Extensions.swift */; };
		9BE48B182672B89300AFA2D7 /* NSMutableAttributedString.swift in Sources */ = {isa = PBXBuildFile; fileRef = 9BE48AF22672B89200AFA2D7 /* NSMutableAttributedString.swift */; };
		9BE48B192672B89300AFA2D7 /* Injectable.swift in Sources */ = {isa = PBXBuildFile; fileRef = 9BE48AF32672B89200AFA2D7 /* Injectable.swift */; };
		9BE48B1A2672B89300AFA2D7 /* UIImage+Extensions.swift in Sources */ = {isa = PBXBuildFile; fileRef = 9BE48AF42672B89200AFA2D7 /* UIImage+Extensions.swift */; };
		9BE48B1B2672B89300AFA2D7 /* UIWindow+Extensions.swift in Sources */ = {isa = PBXBuildFile; fileRef = 9BE48AF52672B89200AFA2D7 /* UIWindow+Extensions.swift */; };
		9BE48B1C2672B89300AFA2D7 /* UITextField+Extensions.swift in Sources */ = {isa = PBXBuildFile; fileRef = 9BE48AF62672B89200AFA2D7 /* UITextField+Extensions.swift */; };
		9BE48B1D2672B89300AFA2D7 /* Dictionary+Extensions.swift in Sources */ = {isa = PBXBuildFile; fileRef = 9BE48AF72672B89300AFA2D7 /* Dictionary+Extensions.swift */; };
		9BE48B1E2672B89300AFA2D7 /* Codable+Extensions.swift in Sources */ = {isa = PBXBuildFile; fileRef = 9BE48AF82672B89300AFA2D7 /* Codable+Extensions.swift */; };
		9BE48B1F2672B89300AFA2D7 /* CGPoint+Extensions.swift in Sources */ = {isa = PBXBuildFile; fileRef = 9BE48AF92672B89300AFA2D7 /* CGPoint+Extensions.swift */; };
		9BE48B202672B89300AFA2D7 /* StoryboardInitializable.swift in Sources */ = {isa = PBXBuildFile; fileRef = 9BE48AFA2672B89300AFA2D7 /* StoryboardInitializable.swift */; };
		9BE48B212672B89300AFA2D7 /* UIViewController+Extensions.swift in Sources */ = {isa = PBXBuildFile; fileRef = 9BE48AFB2672B89300AFA2D7 /* UIViewController+Extensions.swift */; };
		9BE48B222672B89300AFA2D7 /* Date+Extensions.swift in Sources */ = {isa = PBXBuildFile; fileRef = 9BE48AFC2672B89300AFA2D7 /* Date+Extensions.swift */; };
		9BE48B232672B89300AFA2D7 /* NSObject+Extensions.swift in Sources */ = {isa = PBXBuildFile; fileRef = 9BE48AFD2672B89300AFA2D7 /* NSObject+Extensions.swift */; };
		9BE48B242672B89300AFA2D7 /* CGSize+Extensions.swift in Sources */ = {isa = PBXBuildFile; fileRef = 9BE48AFE2672B89300AFA2D7 /* CGSize+Extensions.swift */; };
		9BE48B252672B89300AFA2D7 /* Data+Extensions.swift in Sources */ = {isa = PBXBuildFile; fileRef = 9BE48AFF2672B89300AFA2D7 /* Data+Extensions.swift */; };
		9BE48B262672B89300AFA2D7 /* URL+Extensions.swift in Sources */ = {isa = PBXBuildFile; fileRef = 9BE48B002672B89300AFA2D7 /* URL+Extensions.swift */; };
		9BE48B272672B89300AFA2D7 /* Result+Extensions.swift in Sources */ = {isa = PBXBuildFile; fileRef = 9BE48B012672B89300AFA2D7 /* Result+Extensions.swift */; };
		9BE48B2A2672B8E600AFA2D7 /* BaseCoordinator.swift in Sources */ = {isa = PBXBuildFile; fileRef = 9BE48B282672B8E600AFA2D7 /* BaseCoordinator.swift */; };
		9BE48B2E2672B8F300AFA2D7 /* Router.swift in Sources */ = {isa = PBXBuildFile; fileRef = 9BE48B2C2672B8F300AFA2D7 /* Router.swift */; };
		9BE48B2F2672B8F300AFA2D7 /* RouterImplementation.swift in Sources */ = {isa = PBXBuildFile; fileRef = 9BE48B2D2672B8F300AFA2D7 /* RouterImplementation.swift */; };
		9BE48B312672B91400AFA2D7 /* Builder.swift in Sources */ = {isa = PBXBuildFile; fileRef = 9BE48B302672B91400AFA2D7 /* Builder.swift */; };
		9BE48B372672B9BF00AFA2D7 /* MamoAccountsDTO.swift in Sources */ = {isa = PBXBuildFile; fileRef = 9BE48B332672B9BF00AFA2D7 /* MamoAccountsDTO.swift */; };
		9BE48B382672B9BF00AFA2D7 /* MamoAccountDTO.swift in Sources */ = {isa = PBXBuildFile; fileRef = 9BE48B342672B9BF00AFA2D7 /* MamoAccountDTO.swift */; };
		9BE48B392672B9BF00AFA2D7 /* FrequentListDTO.swift in Sources */ = {isa = PBXBuildFile; fileRef = 9BE48B352672B9BF00AFA2D7 /* FrequentListDTO.swift */; };
		9BE48B3A2672B9BF00AFA2D7 /* FrequentReciverDTO.swift in Sources */ = {isa = PBXBuildFile; fileRef = 9BE48B362672B9BF00AFA2D7 /* FrequentReciverDTO.swift */; };
		9BE48B3E2672B9F900AFA2D7 /* ContactRepository.swift in Sources */ = {isa = PBXBuildFile; fileRef = 9BE48B3D2672B9F900AFA2D7 /* ContactRepository.swift */; };
		9BE48B412672BB3000AFA2D7 /* ContactPresentationModel.swift in Sources */ = {isa = PBXBuildFile; fileRef = 9BE48B3F2672BB3000AFA2D7 /* ContactPresentationModel.swift */; };
		9BE48B422672BB3000AFA2D7 /* ContactsListInteractor.swift in Sources */ = {isa = PBXBuildFile; fileRef = 9BE48B402672BB3000AFA2D7 /* ContactsListInteractor.swift */; };
		9BE48B452672BBCB00AFA2D7 /* NextButton.swift in Sources */ = {isa = PBXBuildFile; fileRef = 9BE48B442672BBCB00AFA2D7 /* NextButton.swift */; };
/* End PBXBuildFile section */

/* Begin PBXContainerItemProxy section */
		9BE48A892672909B00AFA2D7 /* PBXContainerItemProxy */ = {
			isa = PBXContainerItemProxy;
			containerPortal = 9BE48A6A2672909800AFA2D7 /* Project object */;
			proxyType = 1;
			remoteGlobalIDString = 9BE48A712672909800AFA2D7;
			remoteInfo = MamoTask;
		};
		9BE48A942672909B00AFA2D7 /* PBXContainerItemProxy */ = {
			isa = PBXContainerItemProxy;
			containerPortal = 9BE48A6A2672909800AFA2D7 /* Project object */;
			proxyType = 1;
			remoteGlobalIDString = 9BE48A712672909800AFA2D7;
			remoteInfo = MamoTask;
		};
/* End PBXContainerItemProxy section */

/* Begin PBXFileReference section */
		9BE48A722672909800AFA2D7 /* MamoTask.app */ = {isa = PBXFileReference; explicitFileType = wrapper.application; includeInIndex = 0; path = MamoTask.app; sourceTree = BUILT_PRODUCTS_DIR; };
		9BE48A752672909800AFA2D7 /* AppDelegate.swift */ = {isa = PBXFileReference; lastKnownFileType = sourcecode.swift; path = AppDelegate.swift; sourceTree = "<group>"; };
		9BE48A772672909800AFA2D7 /* SceneDelegate.swift */ = {isa = PBXFileReference; lastKnownFileType = sourcecode.swift; path = SceneDelegate.swift; sourceTree = "<group>"; };
		9BE48A792672909800AFA2D7 /* ViewController.swift */ = {isa = PBXFileReference; lastKnownFileType = sourcecode.swift; path = ViewController.swift; sourceTree = "<group>"; };
		9BE48A7C2672909800AFA2D7 /* Base */ = {isa = PBXFileReference; lastKnownFileType = file.storyboard; name = Base; path = Base.lproj/Contacts.storyboard; sourceTree = "<group>"; };
		9BE48A7E2672909B00AFA2D7 /* Assets.xcassets */ = {isa = PBXFileReference; lastKnownFileType = folder.assetcatalog; path = Assets.xcassets; sourceTree = "<group>"; };
		9BE48A812672909B00AFA2D7 /* Base */ = {isa = PBXFileReference; lastKnownFileType = file.storyboard; name = Base; path = Base.lproj/LaunchScreen.storyboard; sourceTree = "<group>"; };
		9BE48A832672909B00AFA2D7 /* Info.plist */ = {isa = PBXFileReference; lastKnownFileType = text.plist.xml; path = Info.plist; sourceTree = "<group>"; };
		9BE48A882672909B00AFA2D7 /* MamoTaskTests.xctest */ = {isa = PBXFileReference; explicitFileType = wrapper.cfbundle; includeInIndex = 0; path = MamoTaskTests.xctest; sourceTree = BUILT_PRODUCTS_DIR; };
		9BE48A8C2672909B00AFA2D7 /* MamoTaskTests.swift */ = {isa = PBXFileReference; lastKnownFileType = sourcecode.swift; path = MamoTaskTests.swift; sourceTree = "<group>"; };
		9BE48A8E2672909B00AFA2D7 /* Info.plist */ = {isa = PBXFileReference; lastKnownFileType = text.plist.xml; path = Info.plist; sourceTree = "<group>"; };
		9BE48A932672909B00AFA2D7 /* MamoTaskUITests.xctest */ = {isa = PBXFileReference; explicitFileType = wrapper.cfbundle; includeInIndex = 0; path = MamoTaskUITests.xctest; sourceTree = BUILT_PRODUCTS_DIR; };
		9BE48A972672909B00AFA2D7 /* MamoTaskUITests.swift */ = {isa = PBXFileReference; lastKnownFileType = sourcecode.swift; path = MamoTaskUITests.swift; sourceTree = "<group>"; };
		9BE48A992672909B00AFA2D7 /* Info.plist */ = {isa = PBXFileReference; lastKnownFileType = text.plist.xml; path = Info.plist; sourceTree = "<group>"; };
		9BE48AC12672B68B00AFA2D7 /* StoryBoardConstants.swift */ = {isa = PBXFileReference; fileEncoding = 4; lastKnownFileType = sourcecode.swift; path = StoryBoardConstants.swift; sourceTree = "<group>"; };
		9BE48AD02672B84500AFA2D7 /* ApiClient.swift */ = {isa = PBXFileReference; lastKnownFileType = sourcecode.swift; path = ApiClient.swift; sourceTree = "<group>"; };
		9BE48AD12672B84500AFA2D7 /* BackendError.swift */ = {isa = PBXFileReference; lastKnownFileType = sourcecode.swift; path = BackendError.swift; sourceTree = "<group>"; };
		9BE48AD22672B84600AFA2D7 /* NetworkConstants.swift */ = {isa = PBXFileReference; lastKnownFileType = sourcecode.swift; path = NetworkConstants.swift; sourceTree = "<group>"; };
		9BE48AD32672B84600AFA2D7 /* Endpoints.swift */ = {isa = PBXFileReference; lastKnownFileType = sourcecode.swift; path = Endpoints.swift; sourceTree = "<group>"; };
		9BE48AD42672B84600AFA2D7 /* NetworkLayer.swift */ = {isa = PBXFileReference; lastKnownFileType = sourcecode.swift; path = NetworkLayer.swift; sourceTree = "<group>"; };
		9BE48ADC2672B89100AFA2D7 /* Int+Extensions.swift */ = {isa = PBXFileReference; fileEncoding = 4; lastKnownFileType = sourcecode.swift; path = "Int+Extensions.swift"; sourceTree = "<group>"; };
		9BE48ADE2672B89100AFA2D7 /* Identifiable.swift */ = {isa = PBXFileReference; fileEncoding = 4; lastKnownFileType = sourcecode.swift; path = Identifiable.swift; sourceTree = "<group>"; };
		9BE48ADF2672B89100AFA2D7 /* UnderLine+Extensions.swift */ = {isa = PBXFileReference; fileEncoding = 4; lastKnownFileType = sourcecode.swift; path = "UnderLine+Extensions.swift"; sourceTree = "<group>"; };
		9BE48AE02672B89100AFA2D7 /* UIApplication+Extensions.swift */ = {isa = PBXFileReference; fileEncoding = 4; lastKnownFileType = sourcecode.swift; path = "UIApplication+Extensions.swift"; sourceTree = "<group>"; };
		9BE48AE12672B89100AFA2D7 /* Bundle+Extensions.swift */ = {isa = PBXFileReference; fileEncoding = 4; lastKnownFileType = sourcecode.swift; path = "Bundle+Extensions.swift"; sourceTree = "<group>"; };
		9BE48AE22672B89100AFA2D7 /* UITableView+Extensions.swift */ = {isa = PBXFileReference; fileEncoding = 4; lastKnownFileType = sourcecode.swift; path = "UITableView+Extensions.swift"; sourceTree = "<group>"; };
		9BE48AE32672B89100AFA2D7 /* Bool+Extensions.swift */ = {isa = PBXFileReference; fileEncoding = 4; lastKnownFileType = sourcecode.swift; path = "Bool+Extensions.swift"; sourceTree = "<group>"; };
		9BE48AE42672B89100AFA2D7 /* Timer+Extensions.swift */ = {isa = PBXFileReference; fileEncoding = 4; lastKnownFileType = sourcecode.swift; path = "Timer+Extensions.swift"; sourceTree = "<group>"; };
		9BE48AE52672B89100AFA2D7 /* Double+Extensions.swift */ = {isa = PBXFileReference; fileEncoding = 4; lastKnownFileType = sourcecode.swift; path = "Double+Extensions.swift"; sourceTree = "<group>"; };
		9BE48AE62672B89200AFA2D7 /* NSRange+Extensions.swift */ = {isa = PBXFileReference; fileEncoding = 4; lastKnownFileType = sourcecode.swift; path = "NSRange+Extensions.swift"; sourceTree = "<group>"; };
		9BE48AE72672B89200AFA2D7 /* DateFormatter+Extensions.swift */ = {isa = PBXFileReference; fileEncoding = 4; lastKnownFileType = sourcecode.swift; path = "DateFormatter+Extensions.swift"; sourceTree = "<group>"; };
		9BE48AE82672B89200AFA2D7 /* CGRect+Extensions.swift */ = {isa = PBXFileReference; fileEncoding = 4; lastKnownFileType = sourcecode.swift; path = "CGRect+Extensions.swift"; sourceTree = "<group>"; };
		9BE48AE92672B89200AFA2D7 /* String+Extensions.swift */ = {isa = PBXFileReference; fileEncoding = 4; lastKnownFileType = sourcecode.swift; path = "String+Extensions.swift"; sourceTree = "<group>"; };
		9BE48AEA2672B89200AFA2D7 /* UIAlertController+Extensions.swift */ = {isa = PBXFileReference; fileEncoding = 4; lastKnownFileType = sourcecode.swift; path = "UIAlertController+Extensions.swift"; sourceTree = "<group>"; };
		9BE48AEB2672B89200AFA2D7 /* CGFloat+Extensions.swift */ = {isa = PBXFileReference; fileEncoding = 4; lastKnownFileType = sourcecode.swift; path = "CGFloat+Extensions.swift"; sourceTree = "<group>"; };
		9BE48AEC2672B89200AFA2D7 /* Bunble+Extensions.swift */ = {isa = PBXFileReference; fileEncoding = 4; lastKnownFileType = sourcecode.swift; path = "Bunble+Extensions.swift"; sourceTree = "<group>"; };
		9BE48AED2672B89200AFA2D7 /* UIView+Extensions.swift */ = {isa = PBXFileReference; fileEncoding = 4; lastKnownFileType = sourcecode.swift; path = "UIView+Extensions.swift"; sourceTree = "<group>"; };
		9BE48AEE2672B89200AFA2D7 /* UICollectionView+Extensions.swift */ = {isa = PBXFileReference; fileEncoding = 4; lastKnownFileType = sourcecode.swift; path = "UICollectionView+Extensions.swift"; sourceTree = "<group>"; };
		9BE48AF02672B89200AFA2D7 /* Array+Extensions.swift */ = {isa = PBXFileReference; fileEncoding = 4; lastKnownFileType = sourcecode.swift; path = "Array+Extensions.swift"; sourceTree = "<group>"; };
		9BE48AF12672B89200AFA2D7 /* UIDevice+Extensions.swift */ = {isa = PBXFileReference; fileEncoding = 4; lastKnownFileType = sourcecode.swift; path = "UIDevice+Extensions.swift"; sourceTree = "<group>"; };
		9BE48AF22672B89200AFA2D7 /* NSMutableAttributedString.swift */ = {isa = PBXFileReference; fileEncoding = 4; lastKnownFileType = sourcecode.swift; path = NSMutableAttributedString.swift; sourceTree = "<group>"; };
		9BE48AF32672B89200AFA2D7 /* Injectable.swift */ = {isa = PBXFileReference; fileEncoding = 4; lastKnownFileType = sourcecode.swift; path = Injectable.swift; sourceTree = "<group>"; };
		9BE48AF42672B89200AFA2D7 /* UIImage+Extensions.swift */ = {isa = PBXFileReference; fileEncoding = 4; lastKnownFileType = sourcecode.swift; path = "UIImage+Extensions.swift"; sourceTree = "<group>"; };
		9BE48AF52672B89200AFA2D7 /* UIWindow+Extensions.swift */ = {isa = PBXFileReference; fileEncoding = 4; lastKnownFileType = sourcecode.swift; path = "UIWindow+Extensions.swift"; sourceTree = "<group>"; };
		9BE48AF62672B89200AFA2D7 /* UITextField+Extensions.swift */ = {isa = PBXFileReference; fileEncoding = 4; lastKnownFileType = sourcecode.swift; path = "UITextField+Extensions.swift"; sourceTree = "<group>"; };
		9BE48AF72672B89300AFA2D7 /* Dictionary+Extensions.swift */ = {isa = PBXFileReference; fileEncoding = 4; lastKnownFileType = sourcecode.swift; path = "Dictionary+Extensions.swift"; sourceTree = "<group>"; };
		9BE48AF82672B89300AFA2D7 /* Codable+Extensions.swift */ = {isa = PBXFileReference; fileEncoding = 4; lastKnownFileType = sourcecode.swift; path = "Codable+Extensions.swift"; sourceTree = "<group>"; };
		9BE48AF92672B89300AFA2D7 /* CGPoint+Extensions.swift */ = {isa = PBXFileReference; fileEncoding = 4; lastKnownFileType = sourcecode.swift; path = "CGPoint+Extensions.swift"; sourceTree = "<group>"; };
		9BE48AFA2672B89300AFA2D7 /* StoryboardInitializable.swift */ = {isa = PBXFileReference; fileEncoding = 4; lastKnownFileType = sourcecode.swift; path = StoryboardInitializable.swift; sourceTree = "<group>"; };
		9BE48AFB2672B89300AFA2D7 /* UIViewController+Extensions.swift */ = {isa = PBXFileReference; fileEncoding = 4; lastKnownFileType = sourcecode.swift; path = "UIViewController+Extensions.swift"; sourceTree = "<group>"; };
		9BE48AFC2672B89300AFA2D7 /* Date+Extensions.swift */ = {isa = PBXFileReference; fileEncoding = 4; lastKnownFileType = sourcecode.swift; path = "Date+Extensions.swift"; sourceTree = "<group>"; };
		9BE48AFD2672B89300AFA2D7 /* NSObject+Extensions.swift */ = {isa = PBXFileReference; fileEncoding = 4; lastKnownFileType = sourcecode.swift; path = "NSObject+Extensions.swift"; sourceTree = "<group>"; };
		9BE48AFE2672B89300AFA2D7 /* CGSize+Extensions.swift */ = {isa = PBXFileReference; fileEncoding = 4; lastKnownFileType = sourcecode.swift; path = "CGSize+Extensions.swift"; sourceTree = "<group>"; };
		9BE48AFF2672B89300AFA2D7 /* Data+Extensions.swift */ = {isa = PBXFileReference; fileEncoding = 4; lastKnownFileType = sourcecode.swift; path = "Data+Extensions.swift"; sourceTree = "<group>"; };
		9BE48B002672B89300AFA2D7 /* URL+Extensions.swift */ = {isa = PBXFileReference; fileEncoding = 4; lastKnownFileType = sourcecode.swift; path = "URL+Extensions.swift"; sourceTree = "<group>"; };
		9BE48B012672B89300AFA2D7 /* Result+Extensions.swift */ = {isa = PBXFileReference; fileEncoding = 4; lastKnownFileType = sourcecode.swift; path = "Result+Extensions.swift"; sourceTree = "<group>"; };
		9BE48B282672B8E600AFA2D7 /* BaseCoordinator.swift */ = {isa = PBXFileReference; fileEncoding = 4; lastKnownFileType = sourcecode.swift; path = BaseCoordinator.swift; sourceTree = "<group>"; };
		9BE48B2C2672B8F300AFA2D7 /* Router.swift */ = {isa = PBXFileReference; fileEncoding = 4; lastKnownFileType = sourcecode.swift; path = Router.swift; sourceTree = "<group>"; };
		9BE48B2D2672B8F300AFA2D7 /* RouterImplementation.swift */ = {isa = PBXFileReference; fileEncoding = 4; lastKnownFileType = sourcecode.swift; path = RouterImplementation.swift; sourceTree = "<group>"; };
		9BE48B302672B91400AFA2D7 /* Builder.swift */ = {isa = PBXFileReference; fileEncoding = 4; lastKnownFileType = sourcecode.swift; path = Builder.swift; sourceTree = "<group>"; };
		9BE48B332672B9BF00AFA2D7 /* MamoAccountsDTO.swift */ = {isa = PBXFileReference; fileEncoding = 4; lastKnownFileType = sourcecode.swift; path = MamoAccountsDTO.swift; sourceTree = "<group>"; };
		9BE48B342672B9BF00AFA2D7 /* MamoAccountDTO.swift */ = {isa = PBXFileReference; fileEncoding = 4; lastKnownFileType = sourcecode.swift; path = MamoAccountDTO.swift; sourceTree = "<group>"; };
		9BE48B352672B9BF00AFA2D7 /* FrequentListDTO.swift */ = {isa = PBXFileReference; fileEncoding = 4; lastKnownFileType = sourcecode.swift; path = FrequentListDTO.swift; sourceTree = "<group>"; };
		9BE48B362672B9BF00AFA2D7 /* FrequentReciverDTO.swift */ = {isa = PBXFileReference; fileEncoding = 4; lastKnownFileType = sourcecode.swift; path = FrequentReciverDTO.swift; sourceTree = "<group>"; };
		9BE48B3D2672B9F900AFA2D7 /* ContactRepository.swift */ = {isa = PBXFileReference; fileEncoding = 4; lastKnownFileType = sourcecode.swift; path = ContactRepository.swift; sourceTree = "<group>"; };
		9BE48B3F2672BB3000AFA2D7 /* ContactPresentationModel.swift */ = {isa = PBXFileReference; fileEncoding = 4; lastKnownFileType = sourcecode.swift; path = ContactPresentationModel.swift; sourceTree = "<group>"; };
		9BE48B402672BB3000AFA2D7 /* ContactsListInteractor.swift */ = {isa = PBXFileReference; fileEncoding = 4; lastKnownFileType = sourcecode.swift; path = ContactsListInteractor.swift; sourceTree = "<group>"; };
		9BE48B442672BBCB00AFA2D7 /* NextButton.swift */ = {isa = PBXFileReference; fileEncoding = 4; lastKnownFileType = sourcecode.swift; path = NextButton.swift; sourceTree = "<group>"; };
/* End PBXFileReference section */

/* Begin PBXFrameworksBuildPhase section */
		9BE48A6F2672909800AFA2D7 /* Frameworks */ = {
			isa = PBXFrameworksBuildPhase;
			buildActionMask = 2147483647;
			files = (
				9BE48AAE2672B3E800AFA2D7 /* Moya in Frameworks */,
				9BE48AB12672B42300AFA2D7 /* SwiftyContacts in Frameworks */,
			);
			runOnlyForDeploymentPostprocessing = 0;
		};
		9BE48A852672909B00AFA2D7 /* Frameworks */ = {
			isa = PBXFrameworksBuildPhase;
			buildActionMask = 2147483647;
			files = (
			);
			runOnlyForDeploymentPostprocessing = 0;
		};
		9BE48A902672909B00AFA2D7 /* Frameworks */ = {
			isa = PBXFrameworksBuildPhase;
			buildActionMask = 2147483647;
			files = (
			);
			runOnlyForDeploymentPostprocessing = 0;
		};
/* End PBXFrameworksBuildPhase section */

/* Begin PBXGroup section */
		9BE48A692672909800AFA2D7 = {
			isa = PBXGroup;
			children = (
				9BE48A742672909800AFA2D7 /* MamoTask */,
				9BE48A8B2672909B00AFA2D7 /* MamoTaskTests */,
				9BE48A962672909B00AFA2D7 /* MamoTaskUITests */,
				9BE48A732672909800AFA2D7 /* Products */,
				9BE48ACC2672B72000AFA2D7 /* Frameworks */,
			);
			sourceTree = "<group>";
		};
		9BE48A732672909800AFA2D7 /* Products */ = {
			isa = PBXGroup;
			children = (
				9BE48A722672909800AFA2D7 /* MamoTask.app */,
				9BE48A882672909B00AFA2D7 /* MamoTaskTests.xctest */,
				9BE48A932672909B00AFA2D7 /* MamoTaskUITests.xctest */,
			);
			name = Products;
			sourceTree = "<group>";
		};
		9BE48A742672909800AFA2D7 /* MamoTask */ = {
			isa = PBXGroup;
			children = (
				9BE48ADB2672B87F00AFA2D7 /* MamoUtility */,
				9BE48ADA2672B86300AFA2D7 /* NetworkLayer */,
				9BE48AA52672B12A00AFA2D7 /* Delegate */,
				9BE48AA62672B13E00AFA2D7 /* App */,
				9BE48AA72672B14700AFA2D7 /* Common */,
				9BE48A792672909800AFA2D7 /* ViewController.swift */,
				9BE48A7E2672909B00AFA2D7 /* Assets.xcassets */,
				9BE48A802672909B00AFA2D7 /* LaunchScreen.storyboard */,
				9BE48A832672909B00AFA2D7 /* Info.plist */,
			);
			path = MamoTask;
			sourceTree = "<group>";
		};
		9BE48A8B2672909B00AFA2D7 /* MamoTaskTests */ = {
			isa = PBXGroup;
			children = (
				9BE48A8C2672909B00AFA2D7 /* MamoTaskTests.swift */,
				9BE48A8E2672909B00AFA2D7 /* Info.plist */,
			);
			path = MamoTaskTests;
			sourceTree = "<group>";
		};
		9BE48A962672909B00AFA2D7 /* MamoTaskUITests */ = {
			isa = PBXGroup;
			children = (
				9BE48A972672909B00AFA2D7 /* MamoTaskUITests.swift */,
				9BE48A992672909B00AFA2D7 /* Info.plist */,
			);
			path = MamoTaskUITests;
			sourceTree = "<group>";
		};
		9BE48AA52672B12A00AFA2D7 /* Delegate */ = {
			isa = PBXGroup;
			children = (
				9BE48A752672909800AFA2D7 /* AppDelegate.swift */,
				9BE48A772672909800AFA2D7 /* SceneDelegate.swift */,
			);
			path = Delegate;
			sourceTree = "<group>";
		};
		9BE48AA62672B13E00AFA2D7 /* App */ = {
			isa = PBXGroup;
			children = (
				9BE48AA82672B16400AFA2D7 /* Data */,
				9BE48AA92672B18200AFA2D7 /* Domain */,
				9BE48AAA2672B18700AFA2D7 /* Presentation */,
			);
			path = App;
			sourceTree = "<group>";
		};
		9BE48AA72672B14700AFA2D7 /* Common */ = {
			isa = PBXGroup;
			children = (
				9BE48B322672B97800AFA2D7 /* CustomComponents */,
				9BE48AC02672B67A00AFA2D7 /* Constants */,
				9BE48ABF2672B65800AFA2D7 /* CustomComponents  */,
				9BE48ABE2672B64E00AFA2D7 /* Router */,
				9BE48ABD2672B64600AFA2D7 /* Coordinator */,
				9BE48ABC2672B64000AFA2D7 /* Builder */,
			);
			path = Common;
			sourceTree = "<group>";
		};
		9BE48AA82672B16400AFA2D7 /* Data */ = {
			isa = PBXGroup;
			children = (
				9BE48B3C2672B9E600AFA2D7 /* Repository */,
				9BE48B3B2672B9D600AFA2D7 /* Entities */,
			);
			path = Data;
			sourceTree = "<group>";
		};
		9BE48AA92672B18200AFA2D7 /* Domain */ = {
			isa = PBXGroup;
			children = (
				9BE48B3F2672BB3000AFA2D7 /* ContactPresentationModel.swift */,
				9BE48B402672BB3000AFA2D7 /* ContactsListInteractor.swift */,
			);
			path = Domain;
			sourceTree = "<group>";
		};
		9BE48AAA2672B18700AFA2D7 /* Presentation */ = {
			isa = PBXGroup;
			children = (
				9BE48A7B2672909800AFA2D7 /* Contacts.storyboard */,
			);
			path = Presentation;
			sourceTree = "<group>";
		};
		9BE48ABC2672B64000AFA2D7 /* Builder */ = {
			isa = PBXGroup;
			children = (
				9BE48B302672B91400AFA2D7 /* Builder.swift */,
			);
			path = Builder;
			sourceTree = "<group>";
		};
		9BE48ABD2672B64600AFA2D7 /* Coordinator */ = {
			isa = PBXGroup;
			children = (
				9BE48B282672B8E600AFA2D7 /* BaseCoordinator.swift */,
			);
			path = Coordinator;
			sourceTree = "<group>";
		};
		9BE48ABE2672B64E00AFA2D7 /* Router */ = {
			isa = PBXGroup;
			children = (
				9BE48B2C2672B8F300AFA2D7 /* Router.swift */,
				9BE48B2D2672B8F300AFA2D7 /* RouterImplementation.swift */,
			);
			path = Router;
			sourceTree = "<group>";
		};
		9BE48ABF2672B65800AFA2D7 /* CustomComponents  */ = {
			isa = PBXGroup;
			children = (
			);
			path = "CustomComponents ";
			sourceTree = "<group>";
		};
		9BE48AC02672B67A00AFA2D7 /* Constants */ = {
			isa = PBXGroup;
			children = (
				9BE48AC12672B68B00AFA2D7 /* StoryBoardConstants.swift */,
			);
			path = Constants;
			sourceTree = "<group>";
		};
		9BE48ACC2672B72000AFA2D7 /* Frameworks */ = {
			isa = PBXGroup;
			children = (
			);
			name = Frameworks;
			sourceTree = "<group>";
		};
		9BE48ADA2672B86300AFA2D7 /* NetworkLayer */ = {
			isa = PBXGroup;
			children = (
				9BE48AD02672B84500AFA2D7 /* ApiClient.swift */,
				9BE48AD12672B84500AFA2D7 /* BackendError.swift */,
				9BE48AD32672B84600AFA2D7 /* Endpoints.swift */,
				9BE48AD22672B84600AFA2D7 /* NetworkConstants.swift */,
				9BE48AD42672B84600AFA2D7 /* NetworkLayer.swift */,
			);
			path = NetworkLayer;
			sourceTree = "<group>";
		};
		9BE48ADB2672B87F00AFA2D7 /* MamoUtility */ = {
			isa = PBXGroup;
			children = (
				9BE48AF02672B89200AFA2D7 /* Array+Extensions.swift */,
				9BE48AE32672B89100AFA2D7 /* Bool+Extensions.swift */,
				9BE48AEC2672B89200AFA2D7 /* Bunble+Extensions.swift */,
				9BE48AE12672B89100AFA2D7 /* Bundle+Extensions.swift */,
				9BE48AEB2672B89200AFA2D7 /* CGFloat+Extensions.swift */,
				9BE48AF92672B89300AFA2D7 /* CGPoint+Extensions.swift */,
				9BE48AE82672B89200AFA2D7 /* CGRect+Extensions.swift */,
				9BE48AFE2672B89300AFA2D7 /* CGSize+Extensions.swift */,
				9BE48AF82672B89300AFA2D7 /* Codable+Extensions.swift */,
				9BE48AFF2672B89300AFA2D7 /* Data+Extensions.swift */,
				9BE48AFC2672B89300AFA2D7 /* Date+Extensions.swift */,
				9BE48AE72672B89200AFA2D7 /* DateFormatter+Extensions.swift */,
				9BE48AF72672B89300AFA2D7 /* Dictionary+Extensions.swift */,
				9BE48AE52672B89100AFA2D7 /* Double+Extensions.swift */,
				9BE48ADE2672B89100AFA2D7 /* Identifiable.swift */,
				9BE48AF32672B89200AFA2D7 /* Injectable.swift */,
				9BE48ADC2672B89100AFA2D7 /* Int+Extensions.swift */,
				9BE48AF22672B89200AFA2D7 /* NSMutableAttributedString.swift */,
				9BE48AFD2672B89300AFA2D7 /* NSObject+Extensions.swift */,
				9BE48AE62672B89200AFA2D7 /* NSRange+Extensions.swift */,
				9BE48B012672B89300AFA2D7 /* Result+Extensions.swift */,
				9BE48AFA2672B89300AFA2D7 /* StoryboardInitializable.swift */,
				9BE48AE92672B89200AFA2D7 /* String+Extensions.swift */,
				9BE48AE42672B89100AFA2D7 /* Timer+Extensions.swift */,
				9BE48AEA2672B89200AFA2D7 /* UIAlertController+Extensions.swift */,
				9BE48AE02672B89100AFA2D7 /* UIApplication+Extensions.swift */,
				9BE48AEE2672B89200AFA2D7 /* UICollectionView+Extensions.swift */,
				9BE48AF12672B89200AFA2D7 /* UIDevice+Extensions.swift */,
				9BE48AF42672B89200AFA2D7 /* UIImage+Extensions.swift */,
				9BE48AE22672B89100AFA2D7 /* UITableView+Extensions.swift */,
				9BE48AF62672B89200AFA2D7 /* UITextField+Extensions.swift */,
				9BE48AED2672B89200AFA2D7 /* UIView+Extensions.swift */,
				9BE48AFB2672B89300AFA2D7 /* UIViewController+Extensions.swift */,
				9BE48AF52672B89200AFA2D7 /* UIWindow+Extensions.swift */,
				9BE48ADF2672B89100AFA2D7 /* UnderLine+Extensions.swift */,
				9BE48B002672B89300AFA2D7 /* URL+Extensions.swift */,
			);
			path = MamoUtility;
			sourceTree = "<group>";
		};
		9BE48B322672B97800AFA2D7 /* CustomComponents */ = {
			isa = PBXGroup;
			children = (
				9BE48B432672BBBD00AFA2D7 /* Buttons */,
			);
			path = CustomComponents;
			sourceTree = "<group>";
		};
		9BE48B3B2672B9D600AFA2D7 /* Entities */ = {
			isa = PBXGroup;
			children = (
				9BE48B352672B9BF00AFA2D7 /* FrequentListDTO.swift */,
				9BE48B362672B9BF00AFA2D7 /* FrequentReciverDTO.swift */,
				9BE48B342672B9BF00AFA2D7 /* MamoAccountDTO.swift */,
				9BE48B332672B9BF00AFA2D7 /* MamoAccountsDTO.swift */,
			);
			path = Entities;
			sourceTree = "<group>";
		};
		9BE48B3C2672B9E600AFA2D7 /* Repository */ = {
			isa = PBXGroup;
			children = (
				9BE48B3D2672B9F900AFA2D7 /* ContactRepository.swift */,
			);
			path = Repository;
			sourceTree = "<group>";
		};
		9BE48B432672BBBD00AFA2D7 /* Buttons */ = {
			isa = PBXGroup;
			children = (
				9BE48B442672BBCB00AFA2D7 /* NextButton.swift */,
			);
			path = Buttons;
			sourceTree = "<group>";
		};
/* End PBXGroup section */

/* Begin PBXNativeTarget section */
		9BE48A712672909800AFA2D7 /* MamoTask */ = {
			isa = PBXNativeTarget;
			buildConfigurationList = 9BE48A9C2672909B00AFA2D7 /* Build configuration list for PBXNativeTarget "MamoTask" */;
			buildPhases = (
				9BE48A6E2672909800AFA2D7 /* Sources */,
				9BE48A6F2672909800AFA2D7 /* Frameworks */,
				9BE48A702672909800AFA2D7 /* Resources */,
			);
			buildRules = (
			);
			dependencies = (
			);
			name = MamoTask;
			packageProductDependencies = (
				9BE48AAD2672B3E800AFA2D7 /* Moya */,
				9BE48AB02672B42300AFA2D7 /* SwiftyContacts */,
			);
			productName = MamoTask;
			productReference = 9BE48A722672909800AFA2D7 /* MamoTask.app */;
			productType = "com.apple.product-type.application";
		};
		9BE48A872672909B00AFA2D7 /* MamoTaskTests */ = {
			isa = PBXNativeTarget;
			buildConfigurationList = 9BE48A9F2672909B00AFA2D7 /* Build configuration list for PBXNativeTarget "MamoTaskTests" */;
			buildPhases = (
				9BE48A842672909B00AFA2D7 /* Sources */,
				9BE48A852672909B00AFA2D7 /* Frameworks */,
				9BE48A862672909B00AFA2D7 /* Resources */,
			);
			buildRules = (
			);
			dependencies = (
				9BE48A8A2672909B00AFA2D7 /* PBXTargetDependency */,
			);
			name = MamoTaskTests;
			productName = MamoTaskTests;
			productReference = 9BE48A882672909B00AFA2D7 /* MamoTaskTests.xctest */;
			productType = "com.apple.product-type.bundle.unit-test";
		};
		9BE48A922672909B00AFA2D7 /* MamoTaskUITests */ = {
			isa = PBXNativeTarget;
			buildConfigurationList = 9BE48AA22672909B00AFA2D7 /* Build configuration list for PBXNativeTarget "MamoTaskUITests" */;
			buildPhases = (
				9BE48A8F2672909B00AFA2D7 /* Sources */,
				9BE48A902672909B00AFA2D7 /* Frameworks */,
				9BE48A912672909B00AFA2D7 /* Resources */,
			);
			buildRules = (
			);
			dependencies = (
				9BE48A952672909B00AFA2D7 /* PBXTargetDependency */,
			);
			name = MamoTaskUITests;
			productName = MamoTaskUITests;
			productReference = 9BE48A932672909B00AFA2D7 /* MamoTaskUITests.xctest */;
			productType = "com.apple.product-type.bundle.ui-testing";
		};
/* End PBXNativeTarget section */

/* Begin PBXProject section */
		9BE48A6A2672909800AFA2D7 /* Project object */ = {
			isa = PBXProject;
			attributes = {
				LastSwiftUpdateCheck = 1250;
				LastUpgradeCheck = 1250;
				TargetAttributes = {
					9BE48A712672909800AFA2D7 = {
						CreatedOnToolsVersion = 12.5;
					};
					9BE48A872672909B00AFA2D7 = {
						CreatedOnToolsVersion = 12.5;
						TestTargetID = 9BE48A712672909800AFA2D7;
					};
					9BE48A922672909B00AFA2D7 = {
						CreatedOnToolsVersion = 12.5;
						TestTargetID = 9BE48A712672909800AFA2D7;
					};
				};
			};
			buildConfigurationList = 9BE48A6D2672909800AFA2D7 /* Build configuration list for PBXProject "MamoTask" */;
			compatibilityVersion = "Xcode 9.3";
			developmentRegion = en;
			hasScannedForEncodings = 0;
			knownRegions = (
				en,
				Base,
			);
			mainGroup = 9BE48A692672909800AFA2D7;
			packageReferences = (
				9BE48AAC2672B3E800AFA2D7 /* XCRemoteSwiftPackageReference "Moya" */,
				9BE48AAF2672B42300AFA2D7 /* XCRemoteSwiftPackageReference "SwiftyContacts" */,
			);
			productRefGroup = 9BE48A732672909800AFA2D7 /* Products */;
			projectDirPath = "";
			projectRoot = "";
			targets = (
				9BE48A712672909800AFA2D7 /* MamoTask */,
				9BE48A872672909B00AFA2D7 /* MamoTaskTests */,
				9BE48A922672909B00AFA2D7 /* MamoTaskUITests */,
			);
		};
/* End PBXProject section */

/* Begin PBXResourcesBuildPhase section */
		9BE48A702672909800AFA2D7 /* Resources */ = {
			isa = PBXResourcesBuildPhase;
			buildActionMask = 2147483647;
			files = (
				9BE48A822672909B00AFA2D7 /* LaunchScreen.storyboard in Resources */,
				9BE48A7F2672909B00AFA2D7 /* Assets.xcassets in Resources */,
				9BE48A7D2672909800AFA2D7 /* Contacts.storyboard in Resources */,
			);
			runOnlyForDeploymentPostprocessing = 0;
		};
		9BE48A862672909B00AFA2D7 /* Resources */ = {
			isa = PBXResourcesBuildPhase;
			buildActionMask = 2147483647;
			files = (
			);
			runOnlyForDeploymentPostprocessing = 0;
		};
		9BE48A912672909B00AFA2D7 /* Resources */ = {
			isa = PBXResourcesBuildPhase;
			buildActionMask = 2147483647;
			files = (
			);
			runOnlyForDeploymentPostprocessing = 0;
		};
/* End PBXResourcesBuildPhase section */

/* Begin PBXSourcesBuildPhase section */
		9BE48A6E2672909800AFA2D7 /* Sources */ = {
			isa = PBXSourcesBuildPhase;
			buildActionMask = 2147483647;
			files = (
				9BE48B162672B89300AFA2D7 /* Array+Extensions.swift in Sources */,
				9BE48B142672B89300AFA2D7 /* UICollectionView+Extensions.swift in Sources */,
				9BE48B062672B89300AFA2D7 /* UIApplication+Extensions.swift in Sources */,
				9BE48B1F2672B89300AFA2D7 /* CGPoint+Extensions.swift in Sources */,
				9BE48B262672B89300AFA2D7 /* URL+Extensions.swift in Sources */,
				9BE48B2F2672B8F300AFA2D7 /* RouterImplementation.swift in Sources */,
				9BE48B092672B89300AFA2D7 /* Bool+Extensions.swift in Sources */,
				9BE48B372672B9BF00AFA2D7 /* MamoAccountsDTO.swift in Sources */,
				9BE48B0D2672B89300AFA2D7 /* DateFormatter+Extensions.swift in Sources */,
				9BE48AD92672B84600AFA2D7 /* NetworkConstants.swift in Sources */,
				9BE48B042672B89300AFA2D7 /* Identifiable.swift in Sources */,
				9BE48B0E2672B89300AFA2D7 /* CGRect+Extensions.swift in Sources */,
				9BE48B232672B89300AFA2D7 /* NSObject+Extensions.swift in Sources */,
				9BE48B112672B89300AFA2D7 /* CGFloat+Extensions.swift in Sources */,
				9BE48B082672B89300AFA2D7 /* UITableView+Extensions.swift in Sources */,
				9BE48A7A2672909800AFA2D7 /* ViewController.swift in Sources */,
				9BE48B412672BB3000AFA2D7 /* ContactPresentationModel.swift in Sources */,
				9BE48B1E2672B89300AFA2D7 /* Codable+Extensions.swift in Sources */,
				9BE48A762672909800AFA2D7 /* AppDelegate.swift in Sources */,
				9BE48B0A2672B89300AFA2D7 /* Timer+Extensions.swift in Sources */,
				9BE48B382672B9BF00AFA2D7 /* MamoAccountDTO.swift in Sources */,
				9BE48B102672B89300AFA2D7 /* UIAlertController+Extensions.swift in Sources */,
				9BE48B1D2672B89300AFA2D7 /* Dictionary+Extensions.swift in Sources */,
				9BE48B132672B89300AFA2D7 /* UIView+Extensions.swift in Sources */,
				9BE48AC22672B68B00AFA2D7 /* StoryBoardConstants.swift in Sources */,
				9BE48B072672B89300AFA2D7 /* Bundle+Extensions.swift in Sources */,
				9BE48B392672B9BF00AFA2D7 /* FrequentListDTO.swift in Sources */,
				9BE48B312672B91400AFA2D7 /* Builder.swift in Sources */,
				9BE48AD72672B84600AFA2D7 /* BackendError.swift in Sources */,
				9BE48AD52672B84600AFA2D7 /* NetworkLayer.swift in Sources */,
				9BE48B222672B89300AFA2D7 /* Date+Extensions.swift in Sources */,
				9BE48B182672B89300AFA2D7 /* NSMutableAttributedString.swift in Sources */,
				9BE48B242672B89300AFA2D7 /* CGSize+Extensions.swift in Sources */,
				9BE48B0C2672B89300AFA2D7 /* NSRange+Extensions.swift in Sources */,
				9BE48B192672B89300AFA2D7 /* Injectable.swift in Sources */,
				9BE48B202672B89300AFA2D7 /* StoryboardInitializable.swift in Sources */,
				9BE48A782672909800AFA2D7 /* SceneDelegate.swift in Sources */,
				9BE48B3E2672B9F900AFA2D7 /* ContactRepository.swift in Sources */,
				9BE48B0B2672B89300AFA2D7 /* Double+Extensions.swift in Sources */,
				9BE48B122672B89300AFA2D7 /* Bunble+Extensions.swift in Sources */,
				9BE48B212672B89300AFA2D7 /* UIViewController+Extensions.swift in Sources */,
				9BE48B1B2672B89300AFA2D7 /* UIWindow+Extensions.swift in Sources */,
				9BE48B3A2672B9BF00AFA2D7 /* FrequentReciverDTO.swift in Sources */,
				9BE48B052672B89300AFA2D7 /* UnderLine+Extensions.swift in Sources */,
				9BE48AD82672B84600AFA2D7 /* Endpoints.swift in Sources */,
				9BE48B452672BBCB00AFA2D7 /* NextButton.swift in Sources */,
				9BE48B0F2672B89300AFA2D7 /* String+Extensions.swift in Sources */,
				9BE48B272672B89300AFA2D7 /* Result+Extensions.swift in Sources */,
				9BE48B2E2672B8F300AFA2D7 /* Router.swift in Sources */,
				9BE48B2A2672B8E600AFA2D7 /* BaseCoordinator.swift in Sources */,
				9BE48B252672B89300AFA2D7 /* Data+Extensions.swift in Sources */,
				9BE48B172672B89300AFA2D7 /* UIDevice+Extensions.swift in Sources */,
				9BE48B1A2672B89300AFA2D7 /* UIImage+Extensions.swift in Sources */,
				9BE48B1C2672B89300AFA2D7 /* UITextField+Extensions.swift in Sources */,
				9BE48B422672BB3000AFA2D7 /* ContactsListInteractor.swift in Sources */,
				9BE48AD62672B84600AFA2D7 /* ApiClient.swift in Sources */,
				9BE48B022672B89300AFA2D7 /* Int+Extensions.swift in Sources */,
			);
			runOnlyForDeploymentPostprocessing = 0;
		};
		9BE48A842672909B00AFA2D7 /* Sources */ = {
			isa = PBXSourcesBuildPhase;
			buildActionMask = 2147483647;
			files = (
				9BE48A8D2672909B00AFA2D7 /* MamoTaskTests.swift in Sources */,
			);
			runOnlyForDeploymentPostprocessing = 0;
		};
		9BE48A8F2672909B00AFA2D7 /* Sources */ = {
			isa = PBXSourcesBuildPhase;
			buildActionMask = 2147483647;
			files = (
				9BE48A982672909B00AFA2D7 /* MamoTaskUITests.swift in Sources */,
			);
			runOnlyForDeploymentPostprocessing = 0;
		};
/* End PBXSourcesBuildPhase section */

/* Begin PBXTargetDependency section */
		9BE48A8A2672909B00AFA2D7 /* PBXTargetDependency */ = {
			isa = PBXTargetDependency;
			target = 9BE48A712672909800AFA2D7 /* MamoTask */;
			targetProxy = 9BE48A892672909B00AFA2D7 /* PBXContainerItemProxy */;
		};
		9BE48A952672909B00AFA2D7 /* PBXTargetDependency */ = {
			isa = PBXTargetDependency;
			target = 9BE48A712672909800AFA2D7 /* MamoTask */;
			targetProxy = 9BE48A942672909B00AFA2D7 /* PBXContainerItemProxy */;
		};
/* End PBXTargetDependency section */

/* Begin PBXVariantGroup section */
		9BE48A7B2672909800AFA2D7 /* Contacts.storyboard */ = {
			isa = PBXVariantGroup;
			children = (
				9BE48A7C2672909800AFA2D7 /* Base */,
			);
			name = Contacts.storyboard;
			sourceTree = "<group>";
		};
		9BE48A802672909B00AFA2D7 /* LaunchScreen.storyboard */ = {
			isa = PBXVariantGroup;
			children = (
				9BE48A812672909B00AFA2D7 /* Base */,
			);
			name = LaunchScreen.storyboard;
			sourceTree = "<group>";
		};
/* End PBXVariantGroup section */

/* Begin XCBuildConfiguration section */
		9BE48A9A2672909B00AFA2D7 /* Debug */ = {
			isa = XCBuildConfiguration;
			buildSettings = {
				ALWAYS_SEARCH_USER_PATHS = NO;
				CLANG_ANALYZER_NONNULL = YES;
				CLANG_ANALYZER_NUMBER_OBJECT_CONVERSION = YES_AGGRESSIVE;
				CLANG_CXX_LANGUAGE_STANDARD = "gnu++14";
				CLANG_CXX_LIBRARY = "libc++";
				CLANG_ENABLE_MODULES = YES;
				CLANG_ENABLE_OBJC_ARC = YES;
				CLANG_ENABLE_OBJC_WEAK = YES;
				CLANG_WARN_BLOCK_CAPTURE_AUTORELEASING = YES;
				CLANG_WARN_BOOL_CONVERSION = YES;
				CLANG_WARN_COMMA = YES;
				CLANG_WARN_CONSTANT_CONVERSION = YES;
				CLANG_WARN_DEPRECATED_OBJC_IMPLEMENTATIONS = YES;
				CLANG_WARN_DIRECT_OBJC_ISA_USAGE = YES_ERROR;
				CLANG_WARN_DOCUMENTATION_COMMENTS = YES;
				CLANG_WARN_EMPTY_BODY = YES;
				CLANG_WARN_ENUM_CONVERSION = YES;
				CLANG_WARN_INFINITE_RECURSION = YES;
				CLANG_WARN_INT_CONVERSION = YES;
				CLANG_WARN_NON_LITERAL_NULL_CONVERSION = YES;
				CLANG_WARN_OBJC_IMPLICIT_RETAIN_SELF = YES;
				CLANG_WARN_OBJC_LITERAL_CONVERSION = YES;
				CLANG_WARN_OBJC_ROOT_CLASS = YES_ERROR;
				CLANG_WARN_QUOTED_INCLUDE_IN_FRAMEWORK_HEADER = YES;
				CLANG_WARN_RANGE_LOOP_ANALYSIS = YES;
				CLANG_WARN_STRICT_PROTOTYPES = YES;
				CLANG_WARN_SUSPICIOUS_MOVE = YES;
				CLANG_WARN_UNGUARDED_AVAILABILITY = YES_AGGRESSIVE;
				CLANG_WARN_UNREACHABLE_CODE = YES;
				CLANG_WARN__DUPLICATE_METHOD_MATCH = YES;
				COPY_PHASE_STRIP = NO;
				DEBUG_INFORMATION_FORMAT = dwarf;
				ENABLE_STRICT_OBJC_MSGSEND = YES;
				ENABLE_TESTABILITY = YES;
				GCC_C_LANGUAGE_STANDARD = gnu11;
				GCC_DYNAMIC_NO_PIC = NO;
				GCC_NO_COMMON_BLOCKS = YES;
				GCC_OPTIMIZATION_LEVEL = 0;
				GCC_PREPROCESSOR_DEFINITIONS = (
					"DEBUG=1",
					"$(inherited)",
				);
				GCC_WARN_64_TO_32_BIT_CONVERSION = YES;
				GCC_WARN_ABOUT_RETURN_TYPE = YES_ERROR;
				GCC_WARN_UNDECLARED_SELECTOR = YES;
				GCC_WARN_UNINITIALIZED_AUTOS = YES_AGGRESSIVE;
				GCC_WARN_UNUSED_FUNCTION = YES;
				GCC_WARN_UNUSED_VARIABLE = YES;
				IPHONEOS_DEPLOYMENT_TARGET = 14.5;
				MTL_ENABLE_DEBUG_INFO = INCLUDE_SOURCE;
				MTL_FAST_MATH = YES;
				ONLY_ACTIVE_ARCH = YES;
				SDKROOT = iphoneos;
				SWIFT_ACTIVE_COMPILATION_CONDITIONS = DEBUG;
				SWIFT_OPTIMIZATION_LEVEL = "-Onone";
			};
			name = Debug;
		};
		9BE48A9B2672909B00AFA2D7 /* Release */ = {
			isa = XCBuildConfiguration;
			buildSettings = {
				ALWAYS_SEARCH_USER_PATHS = NO;
				CLANG_ANALYZER_NONNULL = YES;
				CLANG_ANALYZER_NUMBER_OBJECT_CONVERSION = YES_AGGRESSIVE;
				CLANG_CXX_LANGUAGE_STANDARD = "gnu++14";
				CLANG_CXX_LIBRARY = "libc++";
				CLANG_ENABLE_MODULES = YES;
				CLANG_ENABLE_OBJC_ARC = YES;
				CLANG_ENABLE_OBJC_WEAK = YES;
				CLANG_WARN_BLOCK_CAPTURE_AUTORELEASING = YES;
				CLANG_WARN_BOOL_CONVERSION = YES;
				CLANG_WARN_COMMA = YES;
				CLANG_WARN_CONSTANT_CONVERSION = YES;
				CLANG_WARN_DEPRECATED_OBJC_IMPLEMENTATIONS = YES;
				CLANG_WARN_DIRECT_OBJC_ISA_USAGE = YES_ERROR;
				CLANG_WARN_DOCUMENTATION_COMMENTS = YES;
				CLANG_WARN_EMPTY_BODY = YES;
				CLANG_WARN_ENUM_CONVERSION = YES;
				CLANG_WARN_INFINITE_RECURSION = YES;
				CLANG_WARN_INT_CONVERSION = YES;
				CLANG_WARN_NON_LITERAL_NULL_CONVERSION = YES;
				CLANG_WARN_OBJC_IMPLICIT_RETAIN_SELF = YES;
				CLANG_WARN_OBJC_LITERAL_CONVERSION = YES;
				CLANG_WARN_OBJC_ROOT_CLASS = YES_ERROR;
				CLANG_WARN_QUOTED_INCLUDE_IN_FRAMEWORK_HEADER = YES;
				CLANG_WARN_RANGE_LOOP_ANALYSIS = YES;
				CLANG_WARN_STRICT_PROTOTYPES = YES;
				CLANG_WARN_SUSPICIOUS_MOVE = YES;
				CLANG_WARN_UNGUARDED_AVAILABILITY = YES_AGGRESSIVE;
				CLANG_WARN_UNREACHABLE_CODE = YES;
				CLANG_WARN__DUPLICATE_METHOD_MATCH = YES;
				COPY_PHASE_STRIP = NO;
				DEBUG_INFORMATION_FORMAT = "dwarf-with-dsym";
				ENABLE_NS_ASSERTIONS = NO;
				ENABLE_STRICT_OBJC_MSGSEND = YES;
				GCC_C_LANGUAGE_STANDARD = gnu11;
				GCC_NO_COMMON_BLOCKS = YES;
				GCC_WARN_64_TO_32_BIT_CONVERSION = YES;
				GCC_WARN_ABOUT_RETURN_TYPE = YES_ERROR;
				GCC_WARN_UNDECLARED_SELECTOR = YES;
				GCC_WARN_UNINITIALIZED_AUTOS = YES_AGGRESSIVE;
				GCC_WARN_UNUSED_FUNCTION = YES;
				GCC_WARN_UNUSED_VARIABLE = YES;
				IPHONEOS_DEPLOYMENT_TARGET = 14.5;
				MTL_ENABLE_DEBUG_INFO = NO;
				MTL_FAST_MATH = YES;
				SDKROOT = iphoneos;
				SWIFT_COMPILATION_MODE = wholemodule;
				SWIFT_OPTIMIZATION_LEVEL = "-O";
				VALIDATE_PRODUCT = YES;
			};
			name = Release;
		};
		9BE48A9D2672909B00AFA2D7 /* Debug */ = {
			isa = XCBuildConfiguration;
			buildSettings = {
				ASSETCATALOG_COMPILER_APPICON_NAME = AppIcon;
				ASSETCATALOG_COMPILER_GLOBAL_ACCENT_COLOR_NAME = AccentColor;
				CODE_SIGN_STYLE = Automatic;
				DEVELOPMENT_TEAM = 8FQ6HDXU68;
				INFOPLIST_FILE = MamoTask/Info.plist;
				IPHONEOS_DEPLOYMENT_TARGET = 13.4;
				LD_RUNPATH_SEARCH_PATHS = (
					"$(inherited)",
					"@executable_path/Frameworks",
				);
				PRODUCT_BUNDLE_IDENTIFIER = mamo.MamoTask;
				PRODUCT_NAME = "$(TARGET_NAME)";
				SWIFT_VERSION = 5.0;
				TARGETED_DEVICE_FAMILY = 1;
			};
			name = Debug;
		};
		9BE48A9E2672909B00AFA2D7 /* Release */ = {
			isa = XCBuildConfiguration;
			buildSettings = {
				ASSETCATALOG_COMPILER_APPICON_NAME = AppIcon;
				ASSETCATALOG_COMPILER_GLOBAL_ACCENT_COLOR_NAME = AccentColor;
				CODE_SIGN_STYLE = Automatic;
				DEVELOPMENT_TEAM = 8FQ6HDXU68;
				INFOPLIST_FILE = MamoTask/Info.plist;
				IPHONEOS_DEPLOYMENT_TARGET = 13.4;
				LD_RUNPATH_SEARCH_PATHS = (
					"$(inherited)",
					"@executable_path/Frameworks",
				);
				PRODUCT_BUNDLE_IDENTIFIER = mamo.MamoTask;
				PRODUCT_NAME = "$(TARGET_NAME)";
				SWIFT_VERSION = 5.0;
				TARGETED_DEVICE_FAMILY = 1;
			};
			name = Release;
		};
		9BE48AA02672909B00AFA2D7 /* Debug */ = {
			isa = XCBuildConfiguration;
			buildSettings = {
				ALWAYS_EMBED_SWIFT_STANDARD_LIBRARIES = YES;
				BUNDLE_LOADER = "$(TEST_HOST)";
				CODE_SIGN_STYLE = Automatic;
				DEVELOPMENT_TEAM = 8FQ6HDXU68;
				INFOPLIST_FILE = MamoTaskTests/Info.plist;
				IPHONEOS_DEPLOYMENT_TARGET = 14.5;
				LD_RUNPATH_SEARCH_PATHS = (
					"$(inherited)",
					"@executable_path/Frameworks",
					"@loader_path/Frameworks",
				);
				PRODUCT_BUNDLE_IDENTIFIER = mamo.MamoTaskTests;
				PRODUCT_NAME = "$(TARGET_NAME)";
				SWIFT_VERSION = 5.0;
				TARGETED_DEVICE_FAMILY = "1,2";
				TEST_HOST = "$(BUILT_PRODUCTS_DIR)/MamoTask.app/MamoTask";
			};
			name = Debug;
		};
		9BE48AA12672909B00AFA2D7 /* Release */ = {
			isa = XCBuildConfiguration;
			buildSettings = {
				ALWAYS_EMBED_SWIFT_STANDARD_LIBRARIES = YES;
				BUNDLE_LOADER = "$(TEST_HOST)";
				CODE_SIGN_STYLE = Automatic;
				DEVELOPMENT_TEAM = 8FQ6HDXU68;
				INFOPLIST_FILE = MamoTaskTests/Info.plist;
				IPHONEOS_DEPLOYMENT_TARGET = 14.5;
				LD_RUNPATH_SEARCH_PATHS = (
					"$(inherited)",
					"@executable_path/Frameworks",
					"@loader_path/Frameworks",
				);
				PRODUCT_BUNDLE_IDENTIFIER = mamo.MamoTaskTests;
				PRODUCT_NAME = "$(TARGET_NAME)";
				SWIFT_VERSION = 5.0;
				TARGETED_DEVICE_FAMILY = "1,2";
				TEST_HOST = "$(BUILT_PRODUCTS_DIR)/MamoTask.app/MamoTask";
			};
			name = Release;
		};
		9BE48AA32672909B00AFA2D7 /* Debug */ = {
			isa = XCBuildConfiguration;
			buildSettings = {
				ALWAYS_EMBED_SWIFT_STANDARD_LIBRARIES = YES;
				CODE_SIGN_STYLE = Automatic;
				DEVELOPMENT_TEAM = 8FQ6HDXU68;
				INFOPLIST_FILE = MamoTaskUITests/Info.plist;
				LD_RUNPATH_SEARCH_PATHS = (
					"$(inherited)",
					"@executable_path/Frameworks",
					"@loader_path/Frameworks",
				);
				PRODUCT_BUNDLE_IDENTIFIER = mamo.MamoTaskUITests;
				PRODUCT_NAME = "$(TARGET_NAME)";
				SWIFT_VERSION = 5.0;
				TARGETED_DEVICE_FAMILY = "1,2";
				TEST_TARGET_NAME = MamoTask;
			};
			name = Debug;
		};
		9BE48AA42672909B00AFA2D7 /* Release */ = {
			isa = XCBuildConfiguration;
			buildSettings = {
				ALWAYS_EMBED_SWIFT_STANDARD_LIBRARIES = YES;
				CODE_SIGN_STYLE = Automatic;
				DEVELOPMENT_TEAM = 8FQ6HDXU68;
				INFOPLIST_FILE = MamoTaskUITests/Info.plist;
				LD_RUNPATH_SEARCH_PATHS = (
					"$(inherited)",
					"@executable_path/Frameworks",
					"@loader_path/Frameworks",
				);
				PRODUCT_BUNDLE_IDENTIFIER = mamo.MamoTaskUITests;
				PRODUCT_NAME = "$(TARGET_NAME)";
				SWIFT_VERSION = 5.0;
				TARGETED_DEVICE_FAMILY = "1,2";
				TEST_TARGET_NAME = MamoTask;
			};
			name = Release;
		};
/* End XCBuildConfiguration section */

/* Begin XCConfigurationList section */
		9BE48A6D2672909800AFA2D7 /* Build configuration list for PBXProject "MamoTask" */ = {
			isa = XCConfigurationList;
			buildConfigurations = (
				9BE48A9A2672909B00AFA2D7 /* Debug */,
				9BE48A9B2672909B00AFA2D7 /* Release */,
			);
			defaultConfigurationIsVisible = 0;
			defaultConfigurationName = Release;
		};
		9BE48A9C2672909B00AFA2D7 /* Build configuration list for PBXNativeTarget "MamoTask" */ = {
			isa = XCConfigurationList;
			buildConfigurations = (
				9BE48A9D2672909B00AFA2D7 /* Debug */,
				9BE48A9E2672909B00AFA2D7 /* Release */,
			);
			defaultConfigurationIsVisible = 0;
			defaultConfigurationName = Release;
		};
		9BE48A9F2672909B00AFA2D7 /* Build configuration list for PBXNativeTarget "MamoTaskTests" */ = {
			isa = XCConfigurationList;
			buildConfigurations = (
				9BE48AA02672909B00AFA2D7 /* Debug */,
				9BE48AA12672909B00AFA2D7 /* Release */,
			);
			defaultConfigurationIsVisible = 0;
			defaultConfigurationName = Release;
		};
		9BE48AA22672909B00AFA2D7 /* Build configuration list for PBXNativeTarget "MamoTaskUITests" */ = {
			isa = XCConfigurationList;
			buildConfigurations = (
				9BE48AA32672909B00AFA2D7 /* Debug */,
				9BE48AA42672909B00AFA2D7 /* Release */,
			);
			defaultConfigurationIsVisible = 0;
			defaultConfigurationName = Release;
		};
/* End XCConfigurationList section */

/* Begin XCRemoteSwiftPackageReference section */
		9BE48AAC2672B3E800AFA2D7 /* XCRemoteSwiftPackageReference "Moya" */ = {
			isa = XCRemoteSwiftPackageReference;
			repositoryURL = "https://github.com/Moya/Moya.git";
			requirement = {
				kind = upToNextMajorVersion;
				minimumVersion = 14.0.1;
			};
		};
		9BE48AAF2672B42300AFA2D7 /* XCRemoteSwiftPackageReference "SwiftyContacts" */ = {
			isa = XCRemoteSwiftPackageReference;
			repositoryURL = "https://github.com/satishbabariya/SwiftyContacts";
			requirement = {
				kind = upToNextMajorVersion;
				minimumVersion = 3.0.16;
			};
		};
/* End XCRemoteSwiftPackageReference section */

/* Begin XCSwiftPackageProductDependency section */
		9BE48AAD2672B3E800AFA2D7 /* Moya */ = {
			isa = XCSwiftPackageProductDependency;
			package = 9BE48AAC2672B3E800AFA2D7 /* XCRemoteSwiftPackageReference "Moya" */;
			productName = Moya;
		};
		9BE48AB02672B42300AFA2D7 /* SwiftyContacts */ = {
			isa = XCSwiftPackageProductDependency;
			package = 9BE48AAF2672B42300AFA2D7 /* XCRemoteSwiftPackageReference "SwiftyContacts" */;
			productName = SwiftyContacts;
		};
/* End XCSwiftPackageProductDependency section */
	};
	rootObject = 9BE48A6A2672909800AFA2D7 /* Project object */;
}
